// !$*UTF8*$!
{
	archiveVersion = 1;
	classes = {
	};
	objectVersion = 46;
	objects = {

/* Begin PBXBuildFile section */
		526987641FF12434002A6F94 /* Speech.swift in Sources */ = {isa = PBXBuildFile; fileRef = 526987631FF12434002A6F94 /* Speech.swift */; };
		52814B4E1FEF7BFB00C145DC /* AppDelegate.swift in Sources */ = {isa = PBXBuildFile; fileRef = 52814B4D1FEF7BFB00C145DC /* AppDelegate.swift */; };
		52814B501FEF7BFB00C145DC /* SpeechViewController.swift in Sources */ = {isa = PBXBuildFile; fileRef = 52814B4F1FEF7BFB00C145DC /* SpeechViewController.swift */; };
		52814B531FEF7BFB00C145DC /* Main.storyboard in Resources */ = {isa = PBXBuildFile; fileRef = 52814B511FEF7BFB00C145DC /* Main.storyboard */; };
		52814B551FEF7BFB00C145DC /* Assets.xcassets in Resources */ = {isa = PBXBuildFile; fileRef = 52814B541FEF7BFB00C145DC /* Assets.xcassets */; };
		52814B581FEF7BFB00C145DC /* LaunchScreen.storyboard in Resources */ = {isa = PBXBuildFile; fileRef = 52814B561FEF7BFB00C145DC /* LaunchScreen.storyboard */; };
		52814B651FEFCEDB00C145DC /* LSPlayPauseButton.swift in Sources */ = {isa = PBXBuildFile; fileRef = 52814B641FEFCEDB00C145DC /* LSPlayPauseButton.swift */; };
		52DCBD291FF03F1C00CEFE09 /* SettingsViewController.swift in Sources */ = {isa = PBXBuildFile; fileRef = 52DCBD281FF03F1C00CEFE09 /* SettingsViewController.swift */; };
/* End PBXBuildFile section */

/* Begin PBXFileReference section */
		526987631FF12434002A6F94 /* Speech.swift */ = {isa = PBXFileReference; fileEncoding = 4; lastKnownFileType = sourcecode.swift; path = Speech.swift; sourceTree = "<group>"; };
		52814B4A1FEF7BFB00C145DC /* eTalk.app */ = {isa = PBXFileReference; explicitFileType = wrapper.application; includeInIndex = 0; path = eTalk.app; sourceTree = BUILT_PRODUCTS_DIR; };
		52814B4D1FEF7BFB00C145DC /* AppDelegate.swift */ = {isa = PBXFileReference; lastKnownFileType = sourcecode.swift; path = AppDelegate.swift; sourceTree = "<group>"; };
		52814B4F1FEF7BFB00C145DC /* SpeechViewController.swift */ = {isa = PBXFileReference; lastKnownFileType = sourcecode.swift; path = SpeechViewController.swift; sourceTree = "<group>"; };
		52814B521FEF7BFB00C145DC /* Base */ = {isa = PBXFileReference; lastKnownFileType = file.storyboard; name = Base; path = Base.lproj/Main.storyboard; sourceTree = "<group>"; };
		52814B541FEF7BFB00C145DC /* Assets.xcassets */ = {isa = PBXFileReference; lastKnownFileType = folder.assetcatalog; path = Assets.xcassets; sourceTree = "<group>"; };
		52814B571FEF7BFB00C145DC /* Base */ = {isa = PBXFileReference; lastKnownFileType = file.storyboard; name = Base; path = Base.lproj/LaunchScreen.storyboard; sourceTree = "<group>"; };
		52814B591FEF7BFB00C145DC /* Info.plist */ = {isa = PBXFileReference; lastKnownFileType = text.plist.xml; path = Info.plist; sourceTree = "<group>"; };
		52814B641FEFCEDB00C145DC /* LSPlayPauseButton.swift */ = {isa = PBXFileReference; fileEncoding = 4; lastKnownFileType = sourcecode.swift; path = LSPlayPauseButton.swift; sourceTree = "<group>"; };
		52DCBD281FF03F1C00CEFE09 /* SettingsViewController.swift */ = {isa = PBXFileReference; fileEncoding = 4; lastKnownFileType = sourcecode.swift; path = SettingsViewController.swift; sourceTree = "<group>"; };
/* End PBXFileReference section */

/* Begin PBXFrameworksBuildPhase section */
		52814B471FEF7BFB00C145DC /* Frameworks */ = {
			isa = PBXFrameworksBuildPhase;
			buildActionMask = 2147483647;
			files = (
			);
			runOnlyForDeploymentPostprocessing = 0;
		};
/* End PBXFrameworksBuildPhase section */

/* Begin PBXGroup section */
		526987621FF1240B002A6F94 /* Model */ = {
			isa = PBXGroup;
			children = (
				526987631FF12434002A6F94 /* Speech.swift */,
			);
			name = Model;
			sourceTree = "<group>";
		};
		52814B411FEF7BFB00C145DC = {
			isa = PBXGroup;
			children = (
				52814B4C1FEF7BFB00C145DC /* eTalk */,
				52814B4B1FEF7BFB00C145DC /* Products */,
			);
			sourceTree = "<group>";
		};
		52814B4B1FEF7BFB00C145DC /* Products */ = {
			isa = PBXGroup;
			children = (
				52814B4A1FEF7BFB00C145DC /* eTalk.app */,
			);
			name = Products;
			sourceTree = "<group>";
		};
		52814B4C1FEF7BFB00C145DC /* eTalk */ = {
			isa = PBXGroup;
			children = (
				526987621FF1240B002A6F94 /* Model */,
				52814B611FEFC4A500C145DC /* View */,
				52814B511FEF7BFB00C145DC /* Main.storyboard */,
				52814B601FEF7CAE00C145DC /* View Controller */,
				52814B5F1FEF7CA300C145DC /* Supporting Files */,
			);
			path = eTalk;
			sourceTree = "<group>";
		};
		52814B5F1FEF7CA300C145DC /* Supporting Files */ = {
			isa = PBXGroup;
			children = (
				52814B4D1FEF7BFB00C145DC /* AppDelegate.swift */,
				52814B541FEF7BFB00C145DC /* Assets.xcassets */,
				52814B561FEF7BFB00C145DC /* LaunchScreen.storyboard */,
				52814B591FEF7BFB00C145DC /* Info.plist */,
			);
			name = "Supporting Files";
			sourceTree = "<group>";
		};
		52814B601FEF7CAE00C145DC /* View Controller */ = {
			isa = PBXGroup;
			children = (
				52814B4F1FEF7BFB00C145DC /* SpeechViewController.swift */,
				52DCBD281FF03F1C00CEFE09 /* SettingsViewController.swift */,
			);
			name = "View Controller";
			sourceTree = "<group>";
		};
		52814B611FEFC4A500C145DC /* View */ = {
			isa = PBXGroup;
			children = (
				52814B641FEFCEDB00C145DC /* LSPlayPauseButton.swift */,
			);
			name = View;
			sourceTree = "<group>";
		};
/* End PBXGroup section */

/* Begin PBXNativeTarget section */
		52814B491FEF7BFB00C145DC /* eTalk */ = {
			isa = PBXNativeTarget;
			buildConfigurationList = 52814B5C1FEF7BFB00C145DC /* Build configuration list for PBXNativeTarget "eTalk" */;
			buildPhases = (
				52814B461FEF7BFB00C145DC /* Sources */,
				52814B471FEF7BFB00C145DC /* Frameworks */,
				52814B481FEF7BFB00C145DC /* Resources */,
			);
			buildRules = (
			);
			dependencies = (
			);
			name = eTalk;
			productName = eTalk;
			productReference = 52814B4A1FEF7BFB00C145DC /* eTalk.app */;
			productType = "com.apple.product-type.application";
		};
/* End PBXNativeTarget section */

/* Begin PBXProject section */
		52814B421FEF7BFB00C145DC /* Project object */ = {
			isa = PBXProject;
			attributes = {
				LastSwiftUpdateCheck = 0820;
				LastUpgradeCheck = 0820;
				ORGANIZATIONNAME = Milton;
				TargetAttributes = {
					52814B491FEF7BFB00C145DC = {
						CreatedOnToolsVersion = 8.2.1;
						DevelopmentTeam = AVDVUQYE5C;
						LastSwiftMigration = 0820;
						ProvisioningStyle = Automatic;
					};
				};
			};
			buildConfigurationList = 52814B451FEF7BFB00C145DC /* Build configuration list for PBXProject "eTalk" */;
			compatibilityVersion = "Xcode 3.2";
			developmentRegion = English;
			hasScannedForEncodings = 0;
			knownRegions = (
				en,
				Base,
			);
			mainGroup = 52814B411FEF7BFB00C145DC;
			productRefGroup = 52814B4B1FEF7BFB00C145DC /* Products */;
			projectDirPath = "";
			projectRoot = "";
			targets = (
				52814B491FEF7BFB00C145DC /* eTalk */,
			);
		};
/* End PBXProject section */

/* Begin PBXResourcesBuildPhase section */
		52814B481FEF7BFB00C145DC /* Resources */ = {
			isa = PBXResourcesBuildPhase;
			buildActionMask = 2147483647;
			files = (
				52814B581FEF7BFB00C145DC /* LaunchScreen.storyboard in Resources */,
				52814B551FEF7BFB00C145DC /* Assets.xcassets in Resources */,
				52814B531FEF7BFB00C145DC /* Main.storyboard in Resources */,
			);
			runOnlyForDeploymentPostprocessing = 0;
		};
/* End PBXResourcesBuildPhase section */

/* Begin PBXSourcesBuildPhase section */
		52814B461FEF7BFB00C145DC /* Sources */ = {
			isa = PBXSourcesBuildPhase;
			buildActionMask = 2147483647;
			files = (
				52814B501FEF7BFB00C145DC /* SpeechViewController.swift in Sources */,
				52814B651FEFCEDB00C145DC /* LSPlayPauseButton.swift in Sources */,
				52814B4E1FEF7BFB00C145DC /* AppDelegate.swift in Sources */,
				52DCBD291FF03F1C00CEFE09 /* SettingsViewController.swift in Sources */,
				526987641FF12434002A6F94 /* Speech.swift in Sources */,
			);
			runOnlyForDeploymentPostprocessing = 0;
		};
/* End PBXSourcesBuildPhase section */

/* Begin PBXVariantGroup section */
		52814B511FEF7BFB00C145DC /* Main.storyboard */ = {
			isa = PBXVariantGroup;
			children = (
				52814B521FEF7BFB00C145DC /* Base */,
			);
			name = Main.storyboard;
			sourceTree = "<group>";
		};
		52814B561FEF7BFB00C145DC /* LaunchScreen.storyboard */ = {
			isa = PBXVariantGroup;
			children = (
				52814B571FEF7BFB00C145DC /* Base */,
			);
			name = LaunchScreen.storyboard;
			sourceTree = "<group>";
		};
/* End PBXVariantGroup section */

/* Begin XCBuildConfiguration section */
		52814B5A1FEF7BFB00C145DC /* Debug */ = {
			isa = XCBuildConfiguration;
			buildSettings = {
				ALWAYS_SEARCH_USER_PATHS = NO;
				CLANG_ANALYZER_NONNULL = YES;
				CLANG_CXX_LANGUAGE_STANDARD = "gnu++0x";
				CLANG_CXX_LIBRARY = "libc++";
				CLANG_ENABLE_MODULES = YES;
				CLANG_ENABLE_OBJC_ARC = YES;
				CLANG_WARN_BOOL_CONVERSION = YES;
				CLANG_WARN_CONSTANT_CONVERSION = YES;
				CLANG_WARN_DIRECT_OBJC_ISA_USAGE = YES_ERROR;
				CLANG_WARN_DOCUMENTATION_COMMENTS = YES;
				CLANG_WARN_EMPTY_BODY = YES;
				CLANG_WARN_ENUM_CONVERSION = YES;
				CLANG_WARN_INFINITE_RECURSION = YES;
				CLANG_WARN_INT_CONVERSION = YES;
				CLANG_WARN_OBJC_ROOT_CLASS = YES_ERROR;
				CLANG_WARN_SUSPICIOUS_MOVE = YES;
				CLANG_WARN_UNREACHABLE_CODE = YES;
				CLANG_WARN__DUPLICATE_METHOD_MATCH = YES;
				"CODE_SIGN_IDENTITY[sdk=iphoneos*]" = "iPhone Developer";
				COPY_PHASE_STRIP = NO;
				DEBUG_INFORMATION_FORMAT = dwarf;
				ENABLE_STRICT_OBJC_MSGSEND = YES;
				ENABLE_TESTABILITY = YES;
				GCC_C_LANGUAGE_STANDARD = gnu99;
				GCC_DYNAMIC_NO_PIC = NO;
				GCC_NO_COMMON_BLOCKS = YES;
				GCC_OPTIMIZATION_LEVEL = 0;
				GCC_PREPROCESSOR_DEFINITIONS = (
					"DEBUG=1",
					"$(inherited)",
				);
				GCC_WARN_64_TO_32_BIT_CONVERSION = YES;
				GCC_WARN_ABOUT_RETURN_TYPE = YES_ERROR;
				GCC_WARN_UNDECLARED_SELECTOR = YES;
				GCC_WARN_UNINITIALIZED_AUTOS = YES_AGGRESSIVE;
				GCC_WARN_UNUSED_FUNCTION = YES;
				GCC_WARN_UNUSED_VARIABLE = YES;
				IPHONEOS_DEPLOYMENT_TARGET = 10.2;
				MTL_ENABLE_DEBUG_INFO = YES;
				ONLY_ACTIVE_ARCH = YES;
				SDKROOT = iphoneos;
				SWIFT_ACTIVE_COMPILATION_CONDITIONS = DEBUG;
				SWIFT_OPTIMIZATION_LEVEL = "-Onone";
			};
			name = Debug;
		};
		52814B5B1FEF7BFB00C145DC /* Release */ = {
			isa = XCBuildConfiguration;
			buildSettings = {
				ALWAYS_SEARCH_USER_PATHS = NO;
				CLANG_ANALYZER_NONNULL = YES;
				CLANG_CXX_LANGUAGE_STANDARD = "gnu++0x";
				CLANG_CXX_LIBRARY = "libc++";
				CLANG_ENABLE_MODULES = YES;
				CLANG_ENABLE_OBJC_ARC = YES;
				CLANG_WARN_BOOL_CONVERSION = YES;
				CLANG_WARN_CONSTANT_CONVERSION = YES;
				CLANG_WARN_DIRECT_OBJC_ISA_USAGE = YES_ERROR;
				CLANG_WARN_DOCUMENTATION_COMMENTS = YES;
				CLANG_WARN_EMPTY_BODY = YES;
				CLANG_WARN_ENUM_CONVERSION = YES;
				CLANG_WARN_INFINITE_RECURSION = YES;
				CLANG_WARN_INT_CONVERSION = YES;
				CLANG_WARN_OBJC_ROOT_CLASS = YES_ERROR;
				CLANG_WARN_SUSPICIOUS_MOVE = YES;
				CLANG_WARN_UNREACHABLE_CODE = YES;
				CLANG_WARN__DUPLICATE_METHOD_MATCH = YES;
				"CODE_SIGN_IDENTITY[sdk=iphoneos*]" = "iPhone Developer";
				COPY_PHASE_STRIP = NO;
				DEBUG_INFORMATION_FORMAT = "dwarf-with-dsym";
				ENABLE_NS_ASSERTIONS = NO;
				ENABLE_STRICT_OBJC_MSGSEND = YES;
				GCC_C_LANGUAGE_STANDARD = gnu99;
				GCC_NO_COMMON_BLOCKS = YES;
				GCC_WARN_64_TO_32_BIT_CONVERSION = YES;
				GCC_WARN_ABOUT_RETURN_TYPE = YES_ERROR;
				GCC_WARN_UNDECLARED_SELECTOR = YES;
				GCC_WARN_UNINITIALIZED_AUTOS = YES_AGGRESSIVE;
				GCC_WARN_UNUSED_FUNCTION = YES;
				GCC_WARN_UNUSED_VARIABLE = YES;
				IPHONEOS_DEPLOYMENT_TARGET = 10.2;
				MTL_ENABLE_DEBUG_INFO = NO;
				SDKROOT = iphoneos;
				SWIFT_OPTIMIZATION_LEVEL = "-Owholemodule";
				VALIDATE_PRODUCT = YES;
			};
			name = Release;
		};
		52814B5D1FEF7BFB00C145DC /* Debug */ = {
			isa = XCBuildConfiguration;
			buildSettings = {
				ASSETCATALOG_COMPILER_APPICON_NAME = AppIcon;
				DEVELOPMENT_TEAM = AVDVUQYE5C;
				INFOPLIST_FILE = eTalk/Info.plist;
				LD_RUNPATH_SEARCH_PATHS = "$(inherited) @executable_path/Frameworks";
				PRODUCT_BUNDLE_IDENTIFIER = miltan.eTalk;
				PRODUCT_NAME = "$(TARGET_NAME)";
				SWIFT_VERSION = 3.0;
			};
			name = Debug;
		};
		52814B5E1FEF7BFB00C145DC /* Release */ = {
			isa = XCBuildConfiguration;
			buildSettings = {
				ASSETCATALOG_COMPILER_APPICON_NAME = AppIcon;
				DEVELOPMENT_TEAM = AVDVUQYE5C;
				INFOPLIST_FILE = eTalk/Info.plist;
				LD_RUNPATH_SEARCH_PATHS = "$(inherited) @executable_path/Frameworks";
				PRODUCT_BUNDLE_IDENTIFIER = miltan.eTalk;
				PRODUCT_NAME = "$(TARGET_NAME)";
				SWIFT_VERSION = 3.0;
			};
			name = Release;
		};
/* End XCBuildConfiguration section */

/* Begin XCConfigurationList section */
		52814B451FEF7BFB00C145DC /* Build configuration list for PBXProject "eTalk" */ = {
			isa = XCConfigurationList;
			buildConfigurations = (
				52814B5A1FEF7BFB00C145DC /* Debug */,
				52814B5B1FEF7BFB00C145DC /* Release */,
			);
			defaultConfigurationIsVisible = 0;
			defaultConfigurationName = Release;
		};
		52814B5C1FEF7BFB00C145DC /* Build configuration list for PBXNativeTarget "eTalk" */ = {
			isa = XCConfigurationList;
			buildConfigurations = (
				52814B5D1FEF7BFB00C145DC /* Debug */,
				52814B5E1FEF7BFB00C145DC /* Release */,
			);
			defaultConfigurationIsVisible = 0;
			defaultConfigurationName = Release;
		};
/* End XCConfigurationList section */
	};
	rootObject = 52814B421FEF7BFB00C145DC /* Project object */;
}
